
Microsoft Visual Studio Solution File, Format Version 12.00
Project("{2150E333-8FDC-42A3-9474-1A3956D46DE8}") = "src", "src", "{9BB53F3C-CFB3-4664-8622-02A7A004D02D}"
EndProject
Project("{2150E333-8FDC-42A3-9474-1A3956D46DE8}") = "test", "test", "{066862BF-B617-4D95-AD46-43C7CB3D4479}"
EndProject
Project("{FAE04EC0-301F-11D3-BF4B-00C04F79EFBC}") = "GoTask.API", "src\GoTask.API\GoTask.API.csproj", "{A8A3D6FA-34E7-45E1-ABEB-032A189E6940}"
	ProjectSection(ProjectDependencies) = postProject
		{6D6D2837-6967-45E2-ADE7-030370DA68E1} = {6D6D2837-6967-45E2-ADE7-030370DA68E1}
		{01D1E430-FDB4-4579-8F88-85DDFA0EDCAC} = {01D1E430-FDB4-4579-8F88-85DDFA0EDCAC}
		{2B7682B4-0BFA-4897-B537-F487AF680169} = {2B7682B4-0BFA-4897-B537-F487AF680169}
		{C8ED31AA-FF5D-4D0B-B332-A77BF9A8DE78} = {C8ED31AA-FF5D-4D0B-B332-A77BF9A8DE78}
	EndProjectSection
EndProject
Project("{FAE04EC0-301F-11D3-BF4B-00C04F79EFBC}") = "GoTask.Exceptions", "src\GoTask.Exceptions\GoTask.Exceptions.csproj", "{2B7682B4-0BFA-4897-B537-F487AF680169}"
EndProject
Project("{FAE04EC0-301F-11D3-BF4B-00C04F79EFBC}") = "GoTask.Application", "src\GoTask.Application\GoTask.Application.csproj", "{01D1E430-FDB4-4579-8F88-85DDFA0EDCAC}"
	ProjectSection(ProjectDependencies) = postProject
		{6D6D2837-6967-45E2-ADE7-030370DA68E1} = {6D6D2837-6967-45E2-ADE7-030370DA68E1}
		{2B7682B4-0BFA-4897-B537-F487AF680169} = {2B7682B4-0BFA-4897-B537-F487AF680169}
		{7E252957-CDEB-4A17-9089-18AB801FF28B} = {7E252957-CDEB-4A17-9089-18AB801FF28B}
	EndProjectSection
EndProject
Project("{FAE04EC0-301F-11D3-BF4B-00C04F79EFBC}") = "GoTask.Communication", "src\GoTask.Communication\GoTask.Communication.csproj", "{6D6D2837-6967-45E2-ADE7-030370DA68E1}"
EndProject
Project("{FAE04EC0-301F-11D3-BF4B-00C04F79EFBC}") = "GoTask.Domain", "src\GoTask.Domain\GoTask.Domain.csproj", "{7E252957-CDEB-4A17-9089-18AB801FF28B}"
EndProject
Project("{FAE04EC0-301F-11D3-BF4B-00C04F79EFBC}") = "GoTask.Infrastructure", "GoTask.Infrastructure\GoTask.Infrastructure.csproj", "{C8ED31AA-FF5D-4D0B-B332-A77BF9A8DE78}"
	ProjectSection(ProjectDependencies) = postProject
		{7E252957-CDEB-4A17-9089-18AB801FF28B} = {7E252957-CDEB-4A17-9089-18AB801FF28B}
	EndProjectSection
EndProject
Global
	GlobalSection(SolutionConfigurationPlatforms) = preSolution
		Debug|Any CPU = Debug|Any CPU
		Release|Any CPU = Release|Any CPU
	EndGlobalSection
	GlobalSection(NestedProjects) = preSolution
		{A8A3D6FA-34E7-45E1-ABEB-032A189E6940} = {9BB53F3C-CFB3-4664-8622-02A7A004D02D}
		{2B7682B4-0BFA-4897-B537-F487AF680169} = {9BB53F3C-CFB3-4664-8622-02A7A004D02D}
		{01D1E430-FDB4-4579-8F88-85DDFA0EDCAC} = {9BB53F3C-CFB3-4664-8622-02A7A004D02D}
		{6D6D2837-6967-45E2-ADE7-030370DA68E1} = {9BB53F3C-CFB3-4664-8622-02A7A004D02D}
		{7E252957-CDEB-4A17-9089-18AB801FF28B} = {9BB53F3C-CFB3-4664-8622-02A7A004D02D}
		{C8ED31AA-FF5D-4D0B-B332-A77BF9A8DE78} = {9BB53F3C-CFB3-4664-8622-02A7A004D02D}
	EndGlobalSection
	GlobalSection(ProjectConfigurationPlatforms) = postSolution
		{A8A3D6FA-34E7-45E1-ABEB-032A189E6940}.Debug|Any CPU.ActiveCfg = Debug|Any CPU
		{A8A3D6FA-34E7-45E1-ABEB-032A189E6940}.Debug|Any CPU.Build.0 = Debug|Any CPU
		{A8A3D6FA-34E7-45E1-ABEB-032A189E6940}.Release|Any CPU.ActiveCfg = Release|Any CPU
		{A8A3D6FA-34E7-45E1-ABEB-032A189E6940}.Release|Any CPU.Build.0 = Release|Any CPU
		{2B7682B4-0BFA-4897-B537-F487AF680169}.Debug|Any CPU.ActiveCfg = Debug|Any CPU
		{2B7682B4-0BFA-4897-B537-F487AF680169}.Debug|Any CPU.Build.0 = Debug|Any CPU
		{2B7682B4-0BFA-4897-B537-F487AF680169}.Release|Any CPU.ActiveCfg = Release|Any CPU
		{2B7682B4-0BFA-4897-B537-F487AF680169}.Release|Any CPU.Build.0 = Release|Any CPU
		{01D1E430-FDB4-4579-8F88-85DDFA0EDCAC}.Debug|Any CPU.ActiveCfg = Debug|Any CPU
		{01D1E430-FDB4-4579-8F88-85DDFA0EDCAC}.Debug|Any CPU.Build.0 = Debug|Any CPU
		{01D1E430-FDB4-4579-8F88-85DDFA0EDCAC}.Release|Any CPU.ActiveCfg = Release|Any CPU
		{01D1E430-FDB4-4579-8F88-85DDFA0EDCAC}.Release|Any CPU.Build.0 = Release|Any CPU
		{6D6D2837-6967-45E2-ADE7-030370DA68E1}.Debug|Any CPU.ActiveCfg = Debug|Any CPU
		{6D6D2837-6967-45E2-ADE7-030370DA68E1}.Debug|Any CPU.Build.0 = Debug|Any CPU
		{6D6D2837-6967-45E2-ADE7-030370DA68E1}.Release|Any CPU.ActiveCfg = Release|Any CPU
		{6D6D2837-6967-45E2-ADE7-030370DA68E1}.Release|Any CPU.Build.0 = Release|Any CPU
		{7E252957-CDEB-4A17-9089-18AB801FF28B}.Debug|Any CPU.ActiveCfg = Debug|Any CPU
		{7E252957-CDEB-4A17-9089-18AB801FF28B}.Debug|Any CPU.Build.0 = Debug|Any CPU
		{7E252957-CDEB-4A17-9089-18AB801FF28B}.Release|Any CPU.ActiveCfg = Release|Any CPU
		{7E252957-CDEB-4A17-9089-18AB801FF28B}.Release|Any CPU.Build.0 = Release|Any CPU
		{C8ED31AA-FF5D-4D0B-B332-A77BF9A8DE78}.Debug|Any CPU.ActiveCfg = Debug|Any CPU
		{C8ED31AA-FF5D-4D0B-B332-A77BF9A8DE78}.Debug|Any CPU.Build.0 = Debug|Any CPU
		{C8ED31AA-FF5D-4D0B-B332-A77BF9A8DE78}.Release|Any CPU.ActiveCfg = Release|Any CPU
		{C8ED31AA-FF5D-4D0B-B332-A77BF9A8DE78}.Release|Any CPU.Build.0 = Release|Any CPU
	EndGlobalSection
EndGlobal
